
Microsoft Visual Studio Solution File, Format Version 12.00
# Visual Studio Version 17
VisualStudioVersion = 17.4.33110.190
MinimumVisualStudioVersion = 10.0.40219.1
Project("{FAE04EC0-301F-11D3-BF4B-00C04F79EFBC}") = "Deprembilgisi", "Deprembilgisi.csproj", "{53B07ED1-DAC9-4501-9EC4-477A11C66361}"
EndProject
Global
	GlobalSection(SolutionConfigurationPlatforms) = preSolution
		Debug|Any CPU = Debug|Any CPU
		Release|Any CPU = Release|Any CPU
	EndGlobalSection
	GlobalSection(ProjectConfigurationPlatforms) = postSolution
		{53B07ED1-DAC9-4501-9EC4-477A11C66361}.Debug|Any CPU.ActiveCfg = Debug|Any CPU
		{53B07ED1-DAC9-4501-9EC4-477A11C66361}.Debug|Any CPU.Build.0 = Debug|Any CPU
		{53B07ED1-DAC9-4501-9EC4-477A11C66361}.Release|Any CPU.ActiveCfg = Release|Any CPU
		{53B07ED1-DAC9-4501-9EC4-477A11C66361}.Release|Any CPU.Build.0 = Release|Any CPU
	EndGlobalSection
	GlobalSection(SolutionProperties) = preSolution
		HideSolutionNode = FALSE
	EndGlobalSection
	GlobalSection(ExtensibilityGlobals) = postSolution
		SolutionGuid = {25616F50-CD36-435F-A9A7-C5F59C388C7F}
	EndGlobalSection
EndGlobal
